// !$*UTF8*$!
{
	archiveVersion = 1;
	classes = {
	};
	objectVersion = 55;
	objects = {

/* Begin PBXBuildFile section */
		33E9146B2816AA3F004256C5 /* AppDelegate.swift in Sources */ = {isa = PBXBuildFile; fileRef = 33E9146A2816AA3F004256C5 /* AppDelegate.swift */; };
		33E9146D2816AA3F004256C5 /* SceneDelegate.swift in Sources */ = {isa = PBXBuildFile; fileRef = 33E9146C2816AA3F004256C5 /* SceneDelegate.swift */; };
		33E9146F2816AA3F004256C5 /* ViewController.swift in Sources */ = {isa = PBXBuildFile; fileRef = 33E9146E2816AA3F004256C5 /* ViewController.swift */; };
		33E914722816AA3F004256C5 /* Main.storyboard in Resources */ = {isa = PBXBuildFile; fileRef = 33E914702816AA3F004256C5 /* Main.storyboard */; };
		33E914742816AA40004256C5 /* Assets.xcassets in Resources */ = {isa = PBXBuildFile; fileRef = 33E914732816AA40004256C5 /* Assets.xcassets */; };
		33E914772816AA40004256C5 /* LaunchScreen.storyboard in Resources */ = {isa = PBXBuildFile; fileRef = 33E914752816AA40004256C5 /* LaunchScreen.storyboard */; };
		33E914802816AB29004256C5 /* NetworkService.swift in Sources */ = {isa = PBXBuildFile; fileRef = 33E9147F2816AB29004256C5 /* NetworkService.swift */; };
		33E914832816AC26004256C5 /* EmployeeModel.swift in Sources */ = {isa = PBXBuildFile; fileRef = 33E914822816AC26004256C5 /* EmployeeModel.swift */; };
		33E914892816AFB3004256C5 /* EmployeesCell.swift in Sources */ = {isa = PBXBuildFile; fileRef = 33E914882816AFB3004256C5 /* EmployeesCell.swift */; };
		891E81DEDBC0DE1F48D4E523 /* Pods_AvitoTestTask.framework in Frameworks */ = {isa = PBXBuildFile; fileRef = 549636DAD6B67A91F999B000 /* Pods_AvitoTestTask.framework */; };
/* End PBXBuildFile section */

/* Begin PBXFileReference section */
		33E914672816AA3F004256C5 /* AvitoTestTask.app */ = {isa = PBXFileReference; explicitFileType = wrapper.application; includeInIndex = 0; path = AvitoTestTask.app; sourceTree = BUILT_PRODUCTS_DIR; };
		33E9146A2816AA3F004256C5 /* AppDelegate.swift */ = {isa = PBXFileReference; lastKnownFileType = sourcecode.swift; path = AppDelegate.swift; sourceTree = "<group>"; };
		33E9146C2816AA3F004256C5 /* SceneDelegate.swift */ = {isa = PBXFileReference; lastKnownFileType = sourcecode.swift; path = SceneDelegate.swift; sourceTree = "<group>"; };
		33E9146E2816AA3F004256C5 /* ViewController.swift */ = {isa = PBXFileReference; lastKnownFileType = sourcecode.swift; path = ViewController.swift; sourceTree = "<group>"; };
		33E914712816AA3F004256C5 /* Base */ = {isa = PBXFileReference; lastKnownFileType = file.storyboard; name = Base; path = Base.lproj/Main.storyboard; sourceTree = "<group>"; };
		33E914732816AA40004256C5 /* Assets.xcassets */ = {isa = PBXFileReference; lastKnownFileType = folder.assetcatalog; path = Assets.xcassets; sourceTree = "<group>"; };
		33E914762816AA40004256C5 /* Base */ = {isa = PBXFileReference; lastKnownFileType = file.storyboard; name = Base; path = Base.lproj/LaunchScreen.storyboard; sourceTree = "<group>"; };
		33E914782816AA40004256C5 /* Info.plist */ = {isa = PBXFileReference; lastKnownFileType = text.plist.xml; path = Info.plist; sourceTree = "<group>"; };
		33E9147F2816AB29004256C5 /* NetworkService.swift */ = {isa = PBXFileReference; lastKnownFileType = sourcecode.swift; path = NetworkService.swift; sourceTree = "<group>"; };
		33E914822816AC26004256C5 /* EmployeeModel.swift */ = {isa = PBXFileReference; lastKnownFileType = sourcecode.swift; path = EmployeeModel.swift; sourceTree = "<group>"; };
		33E914882816AFB3004256C5 /* EmployeesCell.swift */ = {isa = PBXFileReference; lastKnownFileType = sourcecode.swift; path = EmployeesCell.swift; sourceTree = "<group>"; };
		549636DAD6B67A91F999B000 /* Pods_AvitoTestTask.framework */ = {isa = PBXFileReference; explicitFileType = wrapper.framework; includeInIndex = 0; path = Pods_AvitoTestTask.framework; sourceTree = BUILT_PRODUCTS_DIR; };
		D61DABEB926A25CD649DBC87 /* Pods-AvitoTestTask.release.xcconfig */ = {isa = PBXFileReference; includeInIndex = 1; lastKnownFileType = text.xcconfig; name = "Pods-AvitoTestTask.release.xcconfig"; path = "Target Support Files/Pods-AvitoTestTask/Pods-AvitoTestTask.release.xcconfig"; sourceTree = "<group>"; };
		DB28BB4D8BE393702B55F9D9 /* Pods-AvitoTestTask.debug.xcconfig */ = {isa = PBXFileReference; includeInIndex = 1; lastKnownFileType = text.xcconfig; name = "Pods-AvitoTestTask.debug.xcconfig"; path = "Target Support Files/Pods-AvitoTestTask/Pods-AvitoTestTask.debug.xcconfig"; sourceTree = "<group>"; };
/* End PBXFileReference section */

/* Begin PBXFrameworksBuildPhase section */
		33E914642816AA3F004256C5 /* Frameworks */ = {
			isa = PBXFrameworksBuildPhase;
			buildActionMask = 2147483647;
			files = (
				891E81DEDBC0DE1F48D4E523 /* Pods_AvitoTestTask.framework in Frameworks */,
			);
			runOnlyForDeploymentPostprocessing = 0;
		};
/* End PBXFrameworksBuildPhase section */

/* Begin PBXGroup section */
		31D2E6ABE29E78F4BBD9B06E /* Pods */ = {
			isa = PBXGroup;
			children = (
				DB28BB4D8BE393702B55F9D9 /* Pods-AvitoTestTask.debug.xcconfig */,
				D61DABEB926A25CD649DBC87 /* Pods-AvitoTestTask.release.xcconfig */,
			);
			path = Pods;
			sourceTree = "<group>";
		};
		33E9145E2816AA3F004256C5 = {
			isa = PBXGroup;
			children = (
				33E914692816AA3F004256C5 /* AvitoTestTask */,
				33E914682816AA3F004256C5 /* Products */,
				31D2E6ABE29E78F4BBD9B06E /* Pods */,
				469C489AADBA4E609B340F39 /* Frameworks */,
			);
			sourceTree = "<group>";
		};
		33E914682816AA3F004256C5 /* Products */ = {
			isa = PBXGroup;
			children = (
				33E914672816AA3F004256C5 /* AvitoTestTask.app */,
			);
			name = Products;
			sourceTree = "<group>";
		};
		33E914692816AA3F004256C5 /* AvitoTestTask */ = {
			isa = PBXGroup;
			children = (
				33E9146A2816AA3F004256C5 /* AppDelegate.swift */,
				33E9146C2816AA3F004256C5 /* SceneDelegate.swift */,
				33E914872816AEF8004256C5 /* Controllers */,
				33E914852816AED5004256C5 /* Views */,
				33E914812816AB8B004256C5 /* Models */,
				33E9147E2816AB15004256C5 /* Networking */,
				33E914732816AA40004256C5 /* Assets.xcassets */,
				33E914782816AA40004256C5 /* Info.plist */,
			);
			path = AvitoTestTask;
			sourceTree = "<group>";
		};
		33E9147E2816AB15004256C5 /* Networking */ = {
			isa = PBXGroup;
			children = (
				33E9147F2816AB29004256C5 /* NetworkService.swift */,
			);
			path = Networking;
			sourceTree = "<group>";
		};
		33E914812816AB8B004256C5 /* Models */ = {
			isa = PBXGroup;
			children = (
				33E914822816AC26004256C5 /* EmployeeModel.swift */,
			);
			path = Models;
			sourceTree = "<group>";
		};
		33E914852816AED5004256C5 /* Views */ = {
			isa = PBXGroup;
			children = (
				33E914862816AEE4004256C5 /* Storyboards */,
				33E914882816AFB3004256C5 /* EmployeesCell.swift */,
			);
			path = Views;
			sourceTree = "<group>";
		};
		33E914862816AEE4004256C5 /* Storyboards */ = {
			isa = PBXGroup;
			children = (
				33E914752816AA40004256C5 /* LaunchScreen.storyboard */,
				33E914702816AA3F004256C5 /* Main.storyboard */,
			);
			path = Storyboards;
			sourceTree = "<group>";
		};
		33E914872816AEF8004256C5 /* Controllers */ = {
			isa = PBXGroup;
			children = (
				33E9146E2816AA3F004256C5 /* ViewController.swift */,
			);
			path = Controllers;
			sourceTree = "<group>";
		};
		469C489AADBA4E609B340F39 /* Frameworks */ = {
			isa = PBXGroup;
			children = (
				549636DAD6B67A91F999B000 /* Pods_AvitoTestTask.framework */,
			);
			name = Frameworks;
			sourceTree = "<group>";
		};
/* End PBXGroup section */

/* Begin PBXNativeTarget section */
		33E914662816AA3F004256C5 /* AvitoTestTask */ = {
			isa = PBXNativeTarget;
			buildConfigurationList = 33E9147B2816AA40004256C5 /* Build configuration list for PBXNativeTarget "AvitoTestTask" */;
			buildPhases = (
				3A6AF782EDB0DA8C20B755A9 /* [CP] Check Pods Manifest.lock */,
				33E914632816AA3F004256C5 /* Sources */,
				33E914642816AA3F004256C5 /* Frameworks */,
				33E914652816AA3F004256C5 /* Resources */,
				821FF3CC43C390740A9C28D1 /* [CP] Embed Pods Frameworks */,
			);
			buildRules = (
			);
			dependencies = (
			);
			name = AvitoTestTask;
			productName = AvitoTestTask;
			productReference = 33E914672816AA3F004256C5 /* AvitoTestTask.app */;
			productType = "com.apple.product-type.application";
		};
/* End PBXNativeTarget section */

/* Begin PBXProject section */
		33E9145F2816AA3F004256C5 /* Project object */ = {
			isa = PBXProject;
			attributes = {
				BuildIndependentTargetsInParallel = 1;
				LastSwiftUpdateCheck = 1330;
				LastUpgradeCheck = 1330;
				TargetAttributes = {
					33E914662816AA3F004256C5 = {
						CreatedOnToolsVersion = 13.3;
					};
				};
			};
			buildConfigurationList = 33E914622816AA3F004256C5 /* Build configuration list for PBXProject "AvitoTestTask" */;
			compatibilityVersion = "Xcode 13.0";
			developmentRegion = en;
			hasScannedForEncodings = 0;
			knownRegions = (
				en,
				Base,
			);
			mainGroup = 33E9145E2816AA3F004256C5;
			productRefGroup = 33E914682816AA3F004256C5 /* Products */;
			projectDirPath = "";
			projectRoot = "";
			targets = (
				33E914662816AA3F004256C5 /* AvitoTestTask */,
			);
		};
/* End PBXProject section */

/* Begin PBXResourcesBuildPhase section */
		33E914652816AA3F004256C5 /* Resources */ = {
			isa = PBXResourcesBuildPhase;
			buildActionMask = 2147483647;
			files = (
				33E914772816AA40004256C5 /* LaunchScreen.storyboard in Resources */,
				33E914742816AA40004256C5 /* Assets.xcassets in Resources */,
				33E914722816AA3F004256C5 /* Main.storyboard in Resources */,
			);
			runOnlyForDeploymentPostprocessing = 0;
		};
/* End PBXResourcesBuildPhase section */

/* Begin PBXShellScriptBuildPhase section */
		3A6AF782EDB0DA8C20B755A9 /* [CP] Check Pods Manifest.lock */ = {
			isa = PBXShellScriptBuildPhase;
			buildActionMask = 2147483647;
			files = (
			);
			inputFileListPaths = (
			);
			inputPaths = (
				"${PODS_PODFILE_DIR_PATH}/Podfile.lock",
				"${PODS_ROOT}/Manifest.lock",
			);
			name = "[CP] Check Pods Manifest.lock";
			outputFileListPaths = (
			);
			outputPaths = (
				"$(DERIVED_FILE_DIR)/Pods-AvitoTestTask-checkManifestLockResult.txt",
			);
			runOnlyForDeploymentPostprocessing = 0;
			shellPath = /bin/sh;
			shellScript = "diff \"${PODS_PODFILE_DIR_PATH}/Podfile.lock\" \"${PODS_ROOT}/Manifest.lock\" > /dev/null\nif [ $? != 0 ] ; then\n    # print error to STDERR\n    echo \"error: The sandbox is not in sync with the Podfile.lock. Run 'pod install' or update your CocoaPods installation.\" >&2\n    exit 1\nfi\n# This output is used by Xcode 'outputs' to avoid re-running this script phase.\necho \"SUCCESS\" > \"${SCRIPT_OUTPUT_FILE_0}\"\n";
			showEnvVarsInLog = 0;
		};
		821FF3CC43C390740A9C28D1 /* [CP] Embed Pods Frameworks */ = {
			isa = PBXShellScriptBuildPhase;
			buildActionMask = 2147483647;
			files = (
			);
			inputFileListPaths = (
				"${PODS_ROOT}/Target Support Files/Pods-AvitoTestTask/Pods-AvitoTestTask-frameworks-${CONFIGURATION}-input-files.xcfilelist",
			);
			name = "[CP] Embed Pods Frameworks";
			outputFileListPaths = (
				"${PODS_ROOT}/Target Support Files/Pods-AvitoTestTask/Pods-AvitoTestTask-frameworks-${CONFIGURATION}-output-files.xcfilelist",
			);
			runOnlyForDeploymentPostprocessing = 0;
			shellPath = /bin/sh;
			shellScript = "\"${PODS_ROOT}/Target Support Files/Pods-AvitoTestTask/Pods-AvitoTestTask-frameworks.sh\"\n";
			showEnvVarsInLog = 0;
		};
/* End PBXShellScriptBuildPhase section */

/* Begin PBXSourcesBuildPhase section */
		33E914632816AA3F004256C5 /* Sources */ = {
			isa = PBXSourcesBuildPhase;
			buildActionMask = 2147483647;
			files = (
				33E9146F2816AA3F004256C5 /* ViewController.swift in Sources */,
				33E9146B2816AA3F004256C5 /* AppDelegate.swift in Sources */,
				33E9146D2816AA3F004256C5 /* SceneDelegate.swift in Sources */,
				33E914832816AC26004256C5 /* EmployeeModel.swift in Sources */,
				33E914802816AB29004256C5 /* NetworkService.swift in Sources */,
				33E914892816AFB3004256C5 /* EmployeesCell.swift in Sources */,
			);
			runOnlyForDeploymentPostprocessing = 0;
		};
/* End PBXSourcesBuildPhase section */

/* Begin PBXVariantGroup section */
		33E914702816AA3F004256C5 /* Main.storyboard */ = {
			isa = PBXVariantGroup;
			children = (
				33E914712816AA3F004256C5 /* Base */,
			);
			name = Main.storyboard;
			sourceTree = "<group>";
		};
		33E914752816AA40004256C5 /* LaunchScreen.storyboard */ = {
			isa = PBXVariantGroup;
			children = (
				33E914762816AA40004256C5 /* Base */,
			);
			name = LaunchScreen.storyboard;
			sourceTree = "<group>";
		};
/* End PBXVariantGroup section */

/* Begin XCBuildConfiguration section */
		33E914792816AA40004256C5 /* Debug */ = {
			isa = XCBuildConfiguration;
			buildSettings = {
				ALWAYS_SEARCH_USER_PATHS = NO;
				CLANG_ANALYZER_NONNULL = YES;
				CLANG_ANALYZER_NUMBER_OBJECT_CONVERSION = YES_AGGRESSIVE;
				CLANG_CXX_LANGUAGE_STANDARD = "gnu++17";
				CLANG_ENABLE_MODULES = YES;
				CLANG_ENABLE_OBJC_ARC = YES;
				CLANG_ENABLE_OBJC_WEAK = YES;
				CLANG_WARN_BLOCK_CAPTURE_AUTORELEASING = YES;
				CLANG_WARN_BOOL_CONVERSION = YES;
				CLANG_WARN_COMMA = YES;
				CLANG_WARN_CONSTANT_CONVERSION = YES;
				CLANG_WARN_DEPRECATED_OBJC_IMPLEMENTATIONS = YES;
				CLANG_WARN_DIRECT_OBJC_ISA_USAGE = YES_ERROR;
				CLANG_WARN_DOCUMENTATION_COMMENTS = YES;
				CLANG_WARN_EMPTY_BODY = YES;
				CLANG_WARN_ENUM_CONVERSION = YES;
				CLANG_WARN_INFINITE_RECURSION = YES;
				CLANG_WARN_INT_CONVERSION = YES;
				CLANG_WARN_NON_LITERAL_NULL_CONVERSION = YES;
				CLANG_WARN_OBJC_IMPLICIT_RETAIN_SELF = YES;
				CLANG_WARN_OBJC_LITERAL_CONVERSION = YES;
				CLANG_WARN_OBJC_ROOT_CLASS = YES_ERROR;
				CLANG_WARN_QUOTED_INCLUDE_IN_FRAMEWORK_HEADER = YES;
				CLANG_WARN_RANGE_LOOP_ANALYSIS = YES;
				CLANG_WARN_STRICT_PROTOTYPES = YES;
				CLANG_WARN_SUSPICIOUS_MOVE = YES;
				CLANG_WARN_UNGUARDED_AVAILABILITY = YES_AGGRESSIVE;
				CLANG_WARN_UNREACHABLE_CODE = YES;
				CLANG_WARN__DUPLICATE_METHOD_MATCH = YES;
				COPY_PHASE_STRIP = NO;
				DEBUG_INFORMATION_FORMAT = dwarf;
				ENABLE_STRICT_OBJC_MSGSEND = YES;
				ENABLE_TESTABILITY = YES;
				GCC_C_LANGUAGE_STANDARD = gnu11;
				GCC_DYNAMIC_NO_PIC = NO;
				GCC_NO_COMMON_BLOCKS = YES;
				GCC_OPTIMIZATION_LEVEL = 0;
				GCC_PREPROCESSOR_DEFINITIONS = (
					"DEBUG=1",
					"$(inherited)",
				);
				GCC_WARN_64_TO_32_BIT_CONVERSION = YES;
				GCC_WARN_ABOUT_RETURN_TYPE = YES_ERROR;
				GCC_WARN_UNDECLARED_SELECTOR = YES;
				GCC_WARN_UNINITIALIZED_AUTOS = YES_AGGRESSIVE;
				GCC_WARN_UNUSED_FUNCTION = YES;
				GCC_WARN_UNUSED_VARIABLE = YES;
				IPHONEOS_DEPLOYMENT_TARGET = 15.4;
				MTL_ENABLE_DEBUG_INFO = INCLUDE_SOURCE;
				MTL_FAST_MATH = YES;
				ONLY_ACTIVE_ARCH = YES;
				SDKROOT = iphoneos;
				SWIFT_ACTIVE_COMPILATION_CONDITIONS = DEBUG;
				SWIFT_OPTIMIZATION_LEVEL = "-Onone";
			};
			name = Debug;
		};
		33E9147A2816AA40004256C5 /* Release */ = {
			isa = XCBuildConfiguration;
			buildSettings = {
				ALWAYS_SEARCH_USER_PATHS = NO;
				CLANG_ANALYZER_NONNULL = YES;
				CLANG_ANALYZER_NUMBER_OBJECT_CONVERSION = YES_AGGRESSIVE;
				CLANG_CXX_LANGUAGE_STANDARD = "gnu++17";
				CLANG_ENABLE_MODULES = YES;
				CLANG_ENABLE_OBJC_ARC = YES;
				CLANG_ENABLE_OBJC_WEAK = YES;
				CLANG_WARN_BLOCK_CAPTURE_AUTORELEASING = YES;
				CLANG_WARN_BOOL_CONVERSION = YES;
				CLANG_WARN_COMMA = YES;
				CLANG_WARN_CONSTANT_CONVERSION = YES;
				CLANG_WARN_DEPRECATED_OBJC_IMPLEMENTATIONS = YES;
				CLANG_WARN_DIRECT_OBJC_ISA_USAGE = YES_ERROR;
				CLANG_WARN_DOCUMENTATION_COMMENTS = YES;
				CLANG_WARN_EMPTY_BODY = YES;
				CLANG_WARN_ENUM_CONVERSION = YES;
				CLANG_WARN_INFINITE_RECURSION = YES;
				CLANG_WARN_INT_CONVERSION = YES;
				CLANG_WARN_NON_LITERAL_NULL_CONVERSION = YES;
				CLANG_WARN_OBJC_IMPLICIT_RETAIN_SELF = YES;
				CLANG_WARN_OBJC_LITERAL_CONVERSION = YES;
				CLANG_WARN_OBJC_ROOT_CLASS = YES_ERROR;
				CLANG_WARN_QUOTED_INCLUDE_IN_FRAMEWORK_HEADER = YES;
				CLANG_WARN_RANGE_LOOP_ANALYSIS = YES;
				CLANG_WARN_STRICT_PROTOTYPES = YES;
				CLANG_WARN_SUSPICIOUS_MOVE = YES;
				CLANG_WARN_UNGUARDED_AVAILABILITY = YES_AGGRESSIVE;
				CLANG_WARN_UNREACHABLE_CODE = YES;
				CLANG_WARN__DUPLICATE_METHOD_MATCH = YES;
				COPY_PHASE_STRIP = NO;
				DEBUG_INFORMATION_FORMAT = "dwarf-with-dsym";
				ENABLE_NS_ASSERTIONS = NO;
				ENABLE_STRICT_OBJC_MSGSEND = YES;
				GCC_C_LANGUAGE_STANDARD = gnu11;
				GCC_NO_COMMON_BLOCKS = YES;
				GCC_WARN_64_TO_32_BIT_CONVERSION = YES;
				GCC_WARN_ABOUT_RETURN_TYPE = YES_ERROR;
				GCC_WARN_UNDECLARED_SELECTOR = YES;
				GCC_WARN_UNINITIALIZED_AUTOS = YES_AGGRESSIVE;
				GCC_WARN_UNUSED_FUNCTION = YES;
				GCC_WARN_UNUSED_VARIABLE = YES;
				IPHONEOS_DEPLOYMENT_TARGET = 15.4;
				MTL_ENABLE_DEBUG_INFO = NO;
				MTL_FAST_MATH = YES;
				SDKROOT = iphoneos;
				SWIFT_COMPILATION_MODE = wholemodule;
				SWIFT_OPTIMIZATION_LEVEL = "-O";
				VALIDATE_PRODUCT = YES;
			};
			name = Release;
		};
		33E9147C2816AA40004256C5 /* Debug */ = {
			isa = XCBuildConfiguration;
			baseConfigurationReference = DB28BB4D8BE393702B55F9D9 /* Pods-AvitoTestTask.debug.xcconfig */;
			buildSettings = {
				ASSETCATALOG_COMPILER_APPICON_NAME = AppIcon;
				ASSETCATALOG_COMPILER_GLOBAL_ACCENT_COLOR_NAME = AccentColor;
				CODE_SIGN_STYLE = Automatic;
				CURRENT_PROJECT_VERSION = 1;
				DEVELOPMENT_TEAM = Z7573VCR44;
				GENERATE_INFOPLIST_FILE = YES;
				INFOPLIST_FILE = AvitoTestTask/Info.plist;
				INFOPLIST_KEY_UIApplicationSupportsIndirectInputEvents = YES;
				INFOPLIST_KEY_UILaunchStoryboardName = LaunchScreen;
				INFOPLIST_KEY_UIMainStoryboardFile = Main;
				INFOPLIST_KEY_UISupportedInterfaceOrientations_iPad = "UIInterfaceOrientationPortrait UIInterfaceOrientationPortraitUpsideDown UIInterfaceOrientationLandscapeLeft UIInterfaceOrientationLandscapeRight";
				INFOPLIST_KEY_UISupportedInterfaceOrientations_iPhone = "UIInterfaceOrientationPortrait UIInterfaceOrientationLandscapeLeft UIInterfaceOrientationLandscapeRight";
				LD_RUNPATH_SEARCH_PATHS = (
					"$(inherited)",
					"@executable_path/Frameworks",
				);
				MARKETING_VERSION = 1.0;
				PRODUCT_BUNDLE_IDENTIFIER = kourion.AvitoTestTask;
				PRODUCT_NAME = "$(TARGET_NAME)";
				SWIFT_EMIT_LOC_STRINGS = YES;
				SWIFT_VERSION = 5.0;
				TARGETED_DEVICE_FAMILY = "1,2";
			};
			name = Debug;
		};
		33E9147D2816AA40004256C5 /* Release */ = {
			isa = XCBuildConfiguration;
			baseConfigurationReference = D61DABEB926A25CD649DBC87 /* Pods-AvitoTestTask.release.xcconfig */;
			buildSettings = {
				ASSETCATALOG_COMPILER_APPICON_NAME = AppIcon;
				ASSETCATALOG_COMPILER_GLOBAL_ACCENT_COLOR_NAME = AccentColor;
				CODE_SIGN_STYLE = Automatic;
				CURRENT_PROJECT_VERSION = 1;
				DEVELOPMENT_TEAM = Z7573VCR44;
				GENERATE_INFOPLIST_FILE = YES;
				INFOPLIST_FILE = AvitoTestTask/Info.plist;
				INFOPLIST_KEY_UIApplicationSupportsIndirectInputEvents = YES;
				INFOPLIST_KEY_UILaunchStoryboardName = LaunchScreen;
				INFOPLIST_KEY_UIMainStoryboardFile = Main;
				INFOPLIST_KEY_UISupportedInterfaceOrientations_iPad = "UIInterfaceOrientationPortrait UIInterfaceOrientationPortraitUpsideDown UIInterfaceOrientationLandscapeLeft UIInterfaceOrientationLandscapeRight";
				INFOPLIST_KEY_UISupportedInterfaceOrientations_iPhone = "UIInterfaceOrientationPortrait UIInterfaceOrientationLandscapeLeft UIInterfaceOrientationLandscapeRight";
				LD_RUNPATH_SEARCH_PATHS = (
					"$(inherited)",
					"@executable_path/Frameworks",
				);
				MARKETING_VERSION = 1.0;
				PRODUCT_BUNDLE_IDENTIFIER = kourion.AvitoTestTask;
				PRODUCT_NAME = "$(TARGET_NAME)";
				SWIFT_EMIT_LOC_STRINGS = YES;
				SWIFT_VERSION = 5.0;
				TARGETED_DEVICE_FAMILY = "1,2";
			};
			name = Release;
		};
/* End XCBuildConfiguration section */

/* Begin XCConfigurationList section */
		33E914622816AA3F004256C5 /* Build configuration list for PBXProject "AvitoTestTask" */ = {
			isa = XCConfigurationList;
			buildConfigurations = (
				33E914792816AA40004256C5 /* Debug */,
				33E9147A2816AA40004256C5 /* Release */,
			);
			defaultConfigurationIsVisible = 0;
			defaultConfigurationName = Release;
		};
		33E9147B2816AA40004256C5 /* Build configuration list for PBXNativeTarget "AvitoTestTask" */ = {
			isa = XCConfigurationList;
			buildConfigurations = (
				33E9147C2816AA40004256C5 /* Debug */,
				33E9147D2816AA40004256C5 /* Release */,
			);
			defaultConfigurationIsVisible = 0;
			defaultConfigurationName = Release;
		};
/* End XCConfigurationList section */
	};
	rootObject = 33E9145F2816AA3F004256C5 /* Project object */;
}
